
Microsoft Visual Studio Solution File, Format Version 12.00
# Visual Studio Version 17
VisualStudioVersion = 17.9.34728.123
MinimumVisualStudioVersion = 10.0.40219.1
Project("{FAE04EC0-301F-11D3-BF4B-00C04F79EFBC}") = "Roupabox", "Roupabox\Roupabox.csproj", "{744786C4-979A-4DB9-A2D9-7CCC11B635B3}"
EndProject
Global
	GlobalSection(SolutionConfigurationPlatforms) = preSolution
		Debug|Any CPU = Debug|Any CPU
		Release|Any CPU = Release|Any CPU
	EndGlobalSection
	GlobalSection(ProjectConfigurationPlatforms) = postSolution
		{744786C4-979A-4DB9-A2D9-7CCC11B635B3}.Debug|Any CPU.ActiveCfg = Debug|Any CPU
		{744786C4-979A-4DB9-A2D9-7CCC11B635B3}.Debug|Any CPU.Build.0 = Debug|Any CPU
		{744786C4-979A-4DB9-A2D9-7CCC11B635B3}.Release|Any CPU.ActiveCfg = Release|Any CPU
		{744786C4-979A-4DB9-A2D9-7CCC11B635B3}.Release|Any CPU.Build.0 = Release|Any CPU
	EndGlobalSection
	GlobalSection(SolutionProperties) = preSolution
		HideSolutionNode = FALSE
	EndGlobalSection
	GlobalSection(ExtensibilityGlobals) = postSolution
		SolutionGuid = {EAB8B698-2A77-48AC-842E-C054BE761C1C}
	EndGlobalSection
EndGlobal
